
Microsoft Visual Studio Solution File, Format Version 12.00
# Visual Studio Version 17
VisualStudioVersion = 17.14.36203.30 d17.14
MinimumVisualStudioVersion = 10.0.40219.1
Project("{FAE04EC0-301F-11D3-BF4B-00C04F79EFBC}") = "WinFormsApp1", "WinFormsApp1\WinFormsApp1.csproj", "{4F719BD0-2329-4B91-8B97-B7B7C0C75CF9}"
EndProject
Global
	GlobalSection(SolutionConfigurationPlatforms) = preSolution
		Debug|Any CPU = Debug|Any CPU
		Release|Any CPU = Release|Any CPU
	EndGlobalSection
	GlobalSection(ProjectConfigurationPlatforms) = postSolution
		{4F719BD0-2329-4B91-8B97-B7B7C0C75CF9}.Debug|Any CPU.ActiveCfg = Debug|Any CPU
		{4F719BD0-2329-4B91-8B97-B7B7C0C75CF9}.Debug|Any CPU.Build.0 = Debug|Any CPU
		{4F719BD0-2329-4B91-8B97-B7B7C0C75CF9}.Release|Any CPU.ActiveCfg = Release|Any CPU
		{4F719BD0-2329-4B91-8B97-B7B7C0C75CF9}.Release|Any CPU.Build.0 = Release|Any CPU
	EndGlobalSection
	GlobalSection(SolutionProperties) = preSolution
		HideSolutionNode = FALSE
	EndGlobalSection
	GlobalSection(ExtensibilityGlobals) = postSolution
		SolutionGuid = {7D942367-1069-435E-B32F-84786D4993BC}
	EndGlobalSection
EndGlobal
