
Microsoft Visual Studio Solution File, Format Version 12.00
# Visual Studio Version 17
VisualStudioVersion = 17.14.36203.30 d17.14
MinimumVisualStudioVersion = 10.0.40219.1
Project("{FAE04EC0-301F-11D3-BF4B-00C04F79EFBC}") = "ConsoleApp5", "ConsoleApp5\ConsoleApp5.csproj", "{4D475905-7579-4F28-83D6-7B4B1E7B8CC4}"
EndProject
Global
	GlobalSection(SolutionConfigurationPlatforms) = preSolution
		Debug|Any CPU = Debug|Any CPU
		Release|Any CPU = Release|Any CPU
	EndGlobalSection
	GlobalSection(ProjectConfigurationPlatforms) = postSolution
		{4D475905-7579-4F28-83D6-7B4B1E7B8CC4}.Debug|Any CPU.ActiveCfg = Debug|Any CPU
		{4D475905-7579-4F28-83D6-7B4B1E7B8CC4}.Debug|Any CPU.Build.0 = Debug|Any CPU
		{4D475905-7579-4F28-83D6-7B4B1E7B8CC4}.Release|Any CPU.ActiveCfg = Release|Any CPU
		{4D475905-7579-4F28-83D6-7B4B1E7B8CC4}.Release|Any CPU.Build.0 = Release|Any CPU
	EndGlobalSection
	GlobalSection(SolutionProperties) = preSolution
		HideSolutionNode = FALSE
	EndGlobalSection
	GlobalSection(ExtensibilityGlobals) = postSolution
		SolutionGuid = {1DE35D33-367F-4BB1-9A2A-3F8ECB03341A}
	EndGlobalSection
EndGlobal
